
Microsoft Visual Studio Solution File, Format Version 12.00
# Visual Studio 2013
VisualStudioVersion = 12.0.31101.0
MinimumVisualStudioVersion = 10.0.40219.1
Project("{8BC9CEB8-8B4A-11D0-8D11-00A0C91BC942}") = "选择排序", "选择排序\选择排序.vcxproj", "{3D0CA40B-11A3-4543-ADD8-3DEDAFEFE34D}"
EndProject
Project("{8BC9CEB8-8B4A-11D0-8D11-00A0C91BC942}") = "冒泡排序", "冒泡排序\冒泡排序.vcxproj", "{AB6D50CF-4A5C-4E81-BC1A-1DFE45E57362}"
EndProject
Project("{8BC9CEB8-8B4A-11D0-8D11-00A0C91BC942}") = "插入排序", "插入排序\插入排序.vcxproj", "{362C99FA-8D7C-443C-83C2-EC433D06D975}"
EndProject
Global
	GlobalSection(SolutionConfigurationPlatforms) = preSolution
		Debug|Win32 = Debug|Win32
		Release|Win32 = Release|Win32
	EndGlobalSection
	GlobalSection(ProjectConfigurationPlatforms) = postSolution
		{3D0CA40B-11A3-4543-ADD8-3DEDAFEFE34D}.Debug|Win32.ActiveCfg = Debug|Win32
		{3D0CA40B-11A3-4543-ADD8-3DEDAFEFE34D}.Debug|Win32.Build.0 = Debug|Win32
		{3D0CA40B-11A3-4543-ADD8-3DEDAFEFE34D}.Release|Win32.ActiveCfg = Release|Win32
		{3D0CA40B-11A3-4543-ADD8-3DEDAFEFE34D}.Release|Win32.Build.0 = Release|Win32
		{AB6D50CF-4A5C-4E81-BC1A-1DFE45E57362}.Debug|Win32.ActiveCfg = Debug|Win32
		{AB6D50CF-4A5C-4E81-BC1A-1DFE45E57362}.Debug|Win32.Build.0 = Debug|Win32
		{AB6D50CF-4A5C-4E81-BC1A-1DFE45E57362}.Release|Win32.ActiveCfg = Release|Win32
		{AB6D50CF-4A5C-4E81-BC1A-1DFE45E57362}.Release|Win32.Build.0 = Release|Win32
		{362C99FA-8D7C-443C-83C2-EC433D06D975}.Debug|Win32.ActiveCfg = Debug|Win32
		{362C99FA-8D7C-443C-83C2-EC433D06D975}.Debug|Win32.Build.0 = Debug|Win32
		{362C99FA-8D7C-443C-83C2-EC433D06D975}.Release|Win32.ActiveCfg = Release|Win32
		{362C99FA-8D7C-443C-83C2-EC433D06D975}.Release|Win32.Build.0 = Release|Win32
	EndGlobalSection
	GlobalSection(SolutionProperties) = preSolution
		HideSolutionNode = FALSE
	EndGlobalSection
EndGlobal
